{
  "name": "mdctl-export-adapter-console",
  "version": "1.0.0",
  "lockfileVersion": 1,
  "requires": true,
  "dependencies": {
    "mdctl-core-utils": {
      "version": "1.0.0",
      "requires": {
        "create-hash": "^1.2.0",
        "create-hmac": "^1.1.7",
        "js-yaml": "^3.12.1",
        "lodash": "^4.17.11",
        "lodash.isplainobject": "^4.0.6",
        "randombytes": "^2.1.0",
        "string-natural-compare": "^2.0.3"
      },
      "dependencies": {
        "argparse": {
          "version": "1.0.10",
          "bundled": true,
          "requires": {
            "sprintf-js": "~1.0.2"
          }
        },
        "cipher-base": {
          "version": "1.0.4",
          "bundled": true,
          "requires": {
            "inherits": "^2.0.1",
            "safe-buffer": "^5.0.1"
          }
        },
        "create-hash": {
          "version": "1.2.0",
          "bundled": true,
          "requires": {
            "cipher-base": "^1.0.1",
            "inherits": "^2.0.1",
            "md5.js": "^1.3.4",
            "ripemd160": "^2.0.1",
            "sha.js": "^2.4.0"
          }
        },
        "create-hmac": {
          "version": "1.1.7",
          "bundled": true,
          "requires": {
            "cipher-base": "^1.0.3",
            "create-hash": "^1.1.0",
            "inherits": "^2.0.1",
            "ripemd160": "^2.0.0",
            "safe-buffer": "^5.0.1",
            "sha.js": "^2.4.8"
          }
        },
        "esprima": {
          "version": "4.0.1",
          "bundled": true
        },
        "hash-base": {
          "version": "3.0.4",
          "bundled": true,
          "requires": {
            "inherits": "^2.0.1",
            "safe-buffer": "^5.0.1"
          }
        },
        "inherits": {
          "version": "2.0.3",
          "bundled": true
        },
        "js-yaml": {
          "version": "3.12.1",
          "bundled": true,
          "requires": {
            "argparse": "^1.0.7",
            "esprima": "^4.0.0"
          }
        },
        "lodash": {
          "version": "4.17.11",
          "bundled": true
        },
        "lodash.isplainobject": {
          "version": "4.0.6",
          "bundled": true
        },
        "md5.js": {
          "version": "1.3.5",
          "bundled": true,
          "requires": {
            "hash-base": "^3.0.0",
            "inherits": "^2.0.1",
            "safe-buffer": "^5.1.2"
          }
        },
        "randombytes": {
          "version": "2.1.0",
          "bundled": true,
          "requires": {
            "safe-buffer": "^5.1.0"
          }
        },
        "ripemd160": {
          "version": "2.0.2",
          "bundled": true,
          "requires": {
            "hash-base": "^3.0.0",
            "inherits": "^2.0.1"
          }
        },
        "safe-buffer": {
          "version": "5.1.2",
          "bundled": true
        },
        "sha.js": {
          "version": "2.4.11",
          "bundled": true,
          "requires": {
            "inherits": "^2.0.1",
            "safe-buffer": "^5.0.1"
          }
        },
        "sprintf-js": {
          "version": "1.0.3",
          "bundled": true
        },
        "string-natural-compare": {
          "version": "2.0.3",
          "bundled": true
        }
      }
    }
  }
}
