{
	"name": "@medable/mdctl-core",
	"version": "1.0.52",
	"lockfileVersion": 1,
	"requires": true,
	"dependencies": {
		"cipher-base": {
			"version": "1.0.4",
			"resolved": "https://registry.npmjs.org/cipher-base/-/cipher-base-1.0.4.tgz",
			"integrity": "sha512-Kkht5ye6ZGmwv40uUDZztayT2ThLQGfnj/T71N/XzeZeo3nf8foyW7zGTsPYkEya3m5f3cAypH+qe7YOrM1U2Q==",
			"requires": {
				"inherits": "^2.0.1",
				"safe-buffer": "^5.0.1"
			}
		},
		"clone": {
			"version": "2.1.2",
			"resolved": "https://registry.npmjs.org/clone/-/clone-2.1.2.tgz",
			"integrity": "sha1-G39Ln1kfHo+DZwQBYANFoCiHQ18="
		},
		"core-util-is": {
			"version": "1.0.2",
			"resolved": "https://registry.npmjs.org/core-util-is/-/core-util-is-1.0.2.tgz",
			"integrity": "sha1-tf1UIgqivFq1eqtxQMlAdUUDwac="
		},
		"create-hash": {
			"version": "1.2.0",
			"resolved": "https://registry.npmjs.org/create-hash/-/create-hash-1.2.0.tgz",
			"integrity": "sha512-z00bCGNHDG8mHAkP7CtT1qVu+bFQUPjYq/4Iv3C3kWjTFV10zIjfSoeqXo9Asws8gwSHDGj/hl2u4OGIjapeCg==",
			"requires": {
				"cipher-base": "^1.0.1",
				"inherits": "^2.0.1",
				"md5.js": "^1.3.4",
				"ripemd160": "^2.0.1",
				"sha.js": "^2.4.0"
			}
		},
		"create-hmac": {
			"version": "1.1.7",
			"resolved": "https://registry.npmjs.org/create-hmac/-/create-hmac-1.1.7.tgz",
			"integrity": "sha512-MJG9liiZ+ogc4TzUwuvbER1JRdgvUFSB5+VR/g5h82fGaIRWMWddtKBHi7/sVhfjQZ6SehlyhvQYrcYkaUIpLg==",
			"requires": {
				"cipher-base": "^1.0.3",
				"create-hash": "^1.1.0",
				"inherits": "^2.0.1",
				"ripemd160": "^2.0.0",
				"safe-buffer": "^5.0.1",
				"sha.js": "^2.4.8"
			}
		},
		"deep-is": {
			"version": "0.1.3",
			"resolved": "https://registry.npmjs.org/deep-is/-/deep-is-0.1.3.tgz",
			"integrity": "sha1-s2nW+128E+7PUk+RsHD+7cNXzzQ="
		},
		"escodegen": {
			"version": "1.12.0",
			"resolved": "https://registry.npmjs.org/escodegen/-/escodegen-1.12.0.tgz",
			"integrity": "sha512-TuA+EhsanGcme5T3R0L80u4t8CpbXQjegRmf7+FPTJrtCTErXFeelblRgHQa1FofEzqYYJmJ/OqjTwREp9qgmg==",
			"requires": {
				"esprima": "^3.1.3",
				"estraverse": "^4.2.0",
				"esutils": "^2.0.2",
				"optionator": "^0.8.1",
				"source-map": "~0.6.1"
			},
			"dependencies": {
				"esprima": {
					"version": "3.1.3",
					"resolved": "https://registry.npmjs.org/esprima/-/esprima-3.1.3.tgz",
					"integrity": "sha1-/cpRzuYTOJXjyI1TXOSdv/YqRjM="
				}
			}
		},
		"esprima": {
			"version": "1.2.2",
			"resolved": "https://registry.npmjs.org/esprima/-/esprima-1.2.2.tgz",
			"integrity": "sha1-dqD9Zvz+FU/SkmZ9wmQBl1CxZXs="
		},
		"estraverse": {
			"version": "4.3.0",
			"resolved": "https://registry.npmjs.org/estraverse/-/estraverse-4.3.0.tgz",
			"integrity": "sha512-39nnKffWz8xN1BU/2c79n9nB9HDzo0niYUqx6xyqUnyoAnQyyWpOTdZEeiCch8BBu515t4wp9ZmgVfVhn9EBpw=="
		},
		"esutils": {
			"version": "2.0.2",
			"resolved": "https://registry.npmjs.org/esutils/-/esutils-2.0.2.tgz",
			"integrity": "sha1-Cr9PHKpbyx96nYrMbepPqqBLrJs="
		},
		"fast-levenshtein": {
			"version": "2.0.6",
			"resolved": "https://registry.npmjs.org/fast-levenshtein/-/fast-levenshtein-2.0.6.tgz",
			"integrity": "sha1-PYpcZog6FqMMqGQ+hR8Zuqd5eRc="
		},
		"hash-base": {
			"version": "3.0.4",
			"resolved": "https://registry.npmjs.org/hash-base/-/hash-base-3.0.4.tgz",
			"integrity": "sha1-X8hoaEfs1zSZQDMZprCj8/auSRg=",
			"requires": {
				"inherits": "^2.0.1",
				"safe-buffer": "^5.0.1"
			}
		},
		"hasurl": {
			"version": "1.0.0",
			"resolved": "https://registry.npmjs.org/hasurl/-/hasurl-1.0.0.tgz",
			"integrity": "sha512-43ypUd3DbwyCT01UYpA99AEZxZ4aKtRxWGBHEIbjcOsUghd9YUON0C+JF6isNjaiwC/UF5neaUudy6JS9jZPZQ=="
		},
		"inherits": {
			"version": "2.0.3",
			"resolved": "https://registry.npmjs.org/inherits/-/inherits-2.0.3.tgz",
			"integrity": "sha1-Yzwsg+PaQqUC9SRmAiSA9CCCYd4="
		},
		"isarray": {
			"version": "1.0.0",
			"resolved": "https://registry.npmjs.org/isarray/-/isarray-1.0.0.tgz",
			"integrity": "sha1-u5NdSFgsuhaMBoNJV6VKPgcSTxE="
		},
		"json-stringify-safe": {
			"version": "5.0.1",
			"resolved": "https://registry.npmjs.org/json-stringify-safe/-/json-stringify-safe-5.0.1.tgz",
			"integrity": "sha1-Epai1Y/UXxmg9s4B1lcB4sc1tus="
		},
		"jsonpath": {
			"version": "1.0.2",
			"resolved": "https://registry.npmjs.org/jsonpath/-/jsonpath-1.0.2.tgz",
			"integrity": "sha512-rmzlgFZiQPc6q4HDyK8s9Qb4oxBnI5sF61y/Co5PV0lc3q2bIuRsNdueVbhoSHdKM4fxeimphOAtfz47yjCfeA==",
			"requires": {
				"esprima": "1.2.2",
				"static-eval": "2.0.2",
				"underscore": "1.7.0"
			}
		},
		"levn": {
			"version": "0.3.0",
			"resolved": "https://registry.npmjs.org/levn/-/levn-0.3.0.tgz",
			"integrity": "sha1-OwmSTt+fCDwEkP3UwLxEIeBHZO4=",
			"requires": {
				"prelude-ls": "~1.1.2",
				"type-check": "~0.3.2"
			}
		},
		"lodash": {
			"version": "4.17.15",
			"resolved": "https://registry.npmjs.org/lodash/-/lodash-4.17.15.tgz",
			"integrity": "sha512-8xOcRHvCjnocdS5cpwXQXVzmmh5e5+saE2QGoeQmbKmRS6J3VQppPOIt0MnmE+4xlZoumy0GPG0D0MVIQbNA1A=="
		},
		"lodash.isplainobject": {
			"version": "4.0.6",
			"resolved": "https://registry.npmjs.org/lodash.isplainobject/-/lodash.isplainobject-4.0.6.tgz",
			"integrity": "sha1-fFJqUtibRcRcxpC4gWO+BJf1UMs="
		},
		"lodash.sortby": {
			"version": "4.7.0",
			"resolved": "https://registry.npmjs.org/lodash.sortby/-/lodash.sortby-4.7.0.tgz",
			"integrity": "sha1-7dFMgk4sycHgsKG0K7UhBRakJDg="
		},
		"md5.js": {
			"version": "1.3.5",
			"resolved": "https://registry.npmjs.org/md5.js/-/md5.js-1.3.5.tgz",
			"integrity": "sha512-xitP+WxNPcTTOgnTJcrhM0xvdPepipPSf3I8EIpGKeFLjt3PlJLIDG3u8EX53ZIubkb+5U2+3rELYpEhHhzdkg==",
			"requires": {
				"hash-base": "^3.0.0",
				"inherits": "^2.0.1",
				"safe-buffer": "^5.1.2"
			}
		},
		"mime": {
			"version": "2.4.4",
			"resolved": "https://registry.npmjs.org/mime/-/mime-2.4.4.tgz",
			"integrity": "sha512-LRxmNwziLPT828z+4YkNzloCFC2YM4wrB99k+AV5ZbEyfGNWfG8SO1FUXLmLDBSo89NrJZ4DIWeLjy1CHGhMGA=="
		},
		"ndjson": {
			"version": "1.5.0",
			"resolved": "https://registry.npmjs.org/ndjson/-/ndjson-1.5.0.tgz",
			"integrity": "sha1-rmA7NrE0vOw0e0UkIrC/mNWDLsg=",
			"requires": {
				"json-stringify-safe": "^5.0.1",
				"minimist": "^1.2.0",
				"split2": "^2.1.0",
				"through2": "^2.0.3"
			},
			"dependencies": {
				"minimist": {
					"version": "1.2.0",
					"resolved": "https://registry.npmjs.org/minimist/-/minimist-1.2.0.tgz",
					"integrity": "sha1-o1AIsg9BOD7sH7kU9M1d95omQoQ="
				}
			}
		},
		"optionator": {
			"version": "0.8.2",
			"resolved": "https://registry.npmjs.org/optionator/-/optionator-0.8.2.tgz",
			"integrity": "sha1-NkxeQJ0/TWMB1sC0wFu6UBgK62Q=",
			"requires": {
				"deep-is": "~0.1.3",
				"fast-levenshtein": "~2.0.4",
				"levn": "~0.3.0",
				"prelude-ls": "~1.1.2",
				"type-check": "~0.3.2",
				"wordwrap": "~1.0.0"
			}
		},
		"pluralize": {
			"version": "7.0.0",
			"resolved": "https://registry.npmjs.org/pluralize/-/pluralize-7.0.0.tgz",
			"integrity": "sha512-ARhBOdzS3e41FbkW/XWrTEtukqqLoK5+Z/4UeDaLuSW+39JPeFgs4gCGqsrJHVZX0fUrx//4OF0K1CUGwlIFow=="
		},
		"prelude-ls": {
			"version": "1.1.2",
			"resolved": "https://registry.npmjs.org/prelude-ls/-/prelude-ls-1.1.2.tgz",
			"integrity": "sha1-IZMqVJ9eUv/ZqCf1cOBL5iqX2lQ="
		},
		"process-nextick-args": {
			"version": "2.0.1",
			"resolved": "https://registry.npmjs.org/process-nextick-args/-/process-nextick-args-2.0.1.tgz",
			"integrity": "sha512-3ouUOpQhtgrbOa17J7+uxOTpITYWaGP7/AhoR3+A+/1e9skrzelGi/dXzEYyvbxubEF6Wn2ypscTKiKJFFn1ag=="
		},
		"punycode": {
			"version": "2.1.1",
			"resolved": "https://registry.npmjs.org/punycode/-/punycode-2.1.1.tgz",
			"integrity": "sha512-XRsRjdf+j5ml+y/6GKHPZbrF/8p2Yga0JPtdqTIY2Xe5ohJPD9saDJJLPvp9+NSBprVvevdXZybnj2cv8OEd0A=="
		},
		"readable-stream": {
			"version": "2.3.6",
			"resolved": "https://registry.npmjs.org/readable-stream/-/readable-stream-2.3.6.tgz",
			"integrity": "sha512-tQtKA9WIAhBF3+VLAseyMqZeBjW0AHJoxOtYqSUZNJxauErmLbVm2FW1y+J/YA9dUrAC39ITejlZWhVIwawkKw==",
			"requires": {
				"core-util-is": "~1.0.0",
				"inherits": "~2.0.3",
				"isarray": "~1.0.0",
				"process-nextick-args": "~2.0.0",
				"safe-buffer": "~5.1.1",
				"string_decoder": "~1.1.1",
				"util-deprecate": "~1.0.1"
			}
		},
		"ripemd160": {
			"version": "2.0.2",
			"resolved": "https://registry.npmjs.org/ripemd160/-/ripemd160-2.0.2.tgz",
			"integrity": "sha512-ii4iagi25WusVoiC4B4lq7pbXfAp3D9v5CwfkY33vffw2+pkDjY1D8GaN7spsxvCSx8dkPqOZCEZyfxcmJG2IA==",
			"requires": {
				"hash-base": "^3.0.0",
				"inherits": "^2.0.1"
			}
		},
		"safe-buffer": {
			"version": "5.1.2",
			"resolved": "https://registry.npmjs.org/safe-buffer/-/safe-buffer-5.1.2.tgz",
			"integrity": "sha512-Gd2UZBJDkXlY7GbJxfsE8/nvKkUEU1G38c1siN6QP6a9PT9MmHB8GnpscSmMJSoF8LOIrt8ud/wPtojys4G6+g=="
		},
		"sha.js": {
			"version": "2.4.11",
			"resolved": "https://registry.npmjs.org/sha.js/-/sha.js-2.4.11.tgz",
			"integrity": "sha512-QMEp5B7cftE7APOjk5Y6xgrbWu+WkLVQwk8JNjZ8nKRciZaByEW6MubieAiToS7+dwvrjGhH8jRXz3MVd0AYqQ==",
			"requires": {
				"inherits": "^2.0.1",
				"safe-buffer": "^5.0.1"
			}
		},
		"slugify": {
			"version": "1.3.5",
			"resolved": "https://registry.npmjs.org/slugify/-/slugify-1.3.5.tgz",
			"integrity": "sha512-5VCnH7aS13b0UqWOs7Ef3E5rkhFe8Od+cp7wybFv5mv/sYSRkucZlJX0bamAJky7b2TTtGvrJBWVdpdEicsSrA=="
		},
		"source-map": {
			"version": "0.6.1",
			"resolved": "https://registry.npmjs.org/source-map/-/source-map-0.6.1.tgz",
			"integrity": "sha512-UjgapumWlbMhkBgzT7Ykc5YXUT46F0iKu8SGXq0bcwP5dz/h0Plj6enJqjz1Zbq2l5WaqYnrVbwWOWMyF3F47g==",
			"optional": true
		},
		"split2": {
			"version": "2.2.0",
			"resolved": "https://registry.npmjs.org/split2/-/split2-2.2.0.tgz",
			"integrity": "sha512-RAb22TG39LhI31MbreBgIuKiIKhVsawfTgEGqKHTK87aG+ul/PB8Sqoi3I7kVdRWiCfrKxK3uo4/YUkpNvhPbw==",
			"requires": {
				"through2": "^2.0.2"
			}
		},
		"static-eval": {
			"version": "2.0.2",
			"resolved": "https://registry.npmjs.org/static-eval/-/static-eval-2.0.2.tgz",
			"integrity": "sha512-N/D219Hcr2bPjLxPiV+TQE++Tsmrady7TqAJugLy7Xk1EumfDWS/f5dtBbkRCGE7wKKXuYockQoj8Rm2/pVKyg==",
			"requires": {
				"escodegen": "^1.8.1"
			}
		},
		"string_decoder": {
			"version": "1.1.1",
			"resolved": "https://registry.npmjs.org/string_decoder/-/string_decoder-1.1.1.tgz",
			"integrity": "sha512-n/ShnvDi6FHbbVfviro+WojiFzv+s8MPMHBczVePfUpDJLwoLT0ht1l4YwBCbi8pJAveEEdnkHyPyTP/mzRfwg==",
			"requires": {
				"safe-buffer": "~5.1.0"
			}
		},
		"through2": {
			"version": "2.0.5",
			"resolved": "https://registry.npmjs.org/through2/-/through2-2.0.5.tgz",
			"integrity": "sha512-/mrRod8xqpA+IHSLyGCQ2s8SPHiCDEeQJSep1jqLYeEUClOFG2Qsh+4FU6G9VeqpZnGW/Su8LQGc4YKni5rYSQ==",
			"requires": {
				"readable-stream": "~2.3.6",
				"xtend": "~4.0.1"
			}
		},
		"tr46": {
			"version": "1.0.1",
			"resolved": "https://registry.npmjs.org/tr46/-/tr46-1.0.1.tgz",
			"integrity": "sha1-qLE/1r/SSJUZZ0zN5VujaTtwbQk=",
			"requires": {
				"punycode": "^2.1.0"
			}
		},
		"type-check": {
			"version": "0.3.2",
			"resolved": "https://registry.npmjs.org/type-check/-/type-check-0.3.2.tgz",
			"integrity": "sha1-WITKtRLPHTVeP7eE8wgEsrUg23I=",
			"requires": {
				"prelude-ls": "~1.1.2"
			}
		},
		"underscore": {
			"version": "1.7.0",
			"resolved": "https://registry.npmjs.org/underscore/-/underscore-1.7.0.tgz",
			"integrity": "sha1-a7rwh3UA02vjTsqlhODbn+8DUgk="
		},
		"universal-url": {
			"version": "2.0.0",
			"resolved": "https://registry.npmjs.org/universal-url/-/universal-url-2.0.0.tgz",
			"integrity": "sha512-3DLtXdm/G1LQMCnPj+Aw7uDoleQttNHp2g5FnNQKR6cP6taNWS1b/Ehjjx4PVyvejKi3TJyu8iBraKM4q3JQPg==",
			"requires": {
				"hasurl": "^1.0.0",
				"whatwg-url": "^7.0.0"
			}
		},
		"util-deprecate": {
			"version": "1.0.2",
			"resolved": "https://registry.npmjs.org/util-deprecate/-/util-deprecate-1.0.2.tgz",
			"integrity": "sha1-RQ1Nyfpw3nMnYvvS1KKJgUGaDM8="
		},
		"uuid": {
			"version": "3.3.3",
			"resolved": "https://registry.npmjs.org/uuid/-/uuid-3.3.3.tgz",
			"integrity": "sha512-pW0No1RGHgzlpHJO1nsVrHKpOEIxkGg1xB+v0ZmdNH5OAeAwzAVrCnI2/6Mtx+Uys6iaylxa+D3g4j63IKKjSQ=="
		},
		"webidl-conversions": {
			"version": "4.0.2",
			"resolved": "https://registry.npmjs.org/webidl-conversions/-/webidl-conversions-4.0.2.tgz",
			"integrity": "sha512-YQ+BmxuTgd6UXZW3+ICGfyqRyHXVlD5GtQr5+qjiNW7bF0cqrzX500HVXPBOvgXb5YnzDd+h0zqyv61KUD7+Sg=="
		},
		"whatwg-url": {
			"version": "7.0.0",
			"resolved": "https://registry.npmjs.org/whatwg-url/-/whatwg-url-7.0.0.tgz",
			"integrity": "sha512-37GeVSIJ3kn1JgKyjiYNmSLP1yzbpb29jdmwBSgkD9h40/hyrR/OifpVUndji3tmwGgD8qpw7iQu3RSbCrBpsQ==",
			"requires": {
				"lodash.sortby": "^4.7.0",
				"tr46": "^1.0.1",
				"webidl-conversions": "^4.0.2"
			}
		},
		"wordwrap": {
			"version": "1.0.0",
			"resolved": "https://registry.npmjs.org/wordwrap/-/wordwrap-1.0.0.tgz",
			"integrity": "sha1-J1hIEIkUVqQXHI0CJkQa3pDLyus="
		},
		"xtend": {
			"version": "4.0.2",
			"resolved": "https://registry.npmjs.org/xtend/-/xtend-4.0.2.tgz",
			"integrity": "sha512-LKYU1iAXJXUgAXn9URjiu+MWhyUXHsvfp7mcuYm9dSUKK0/CjtrUwFAxD82/mCWbtLsGjFIad0wIsod4zrTAEQ=="
		}
	}
}
